
Microsoft Visual Studio Solution File, Format Version 12.00
# Visual Studio Version 17
VisualStudioVersion = 17.10.34607.79
MinimumVisualStudioVersion = 10.0.40219.1
Project("{2150E333-8FDC-42A3-9474-1A3956D46DE8}") = "Services", "Services", "{5F8BE8A9-A54E-4F78-99DC-D8F9B36C51C0}"
EndProject
Project("{2150E333-8FDC-42A3-9474-1A3956D46DE8}") = "UserManagement", "UserManagement", "{30E30E11-0570-4F08-A01C-61732BD1C8F2}"
EndProject
Project("{2150E333-8FDC-42A3-9474-1A3956D46DE8}") = "ProductManagement", "ProductManagement", "{B305E9F6-CD67-4B00-BC1D-D9C8B157F141}"
EndProject
Project("{2150E333-8FDC-42A3-9474-1A3956D46DE8}") = "BuildingBlocks", "BuildingBlocks", "{88BEC5CC-A2DC-4E76-9A02-79DC2826D142}"
EndProject
Project("{9A19103F-16F7-4668-BE54-9A1E7A4F7556}") = "BuildingBlocks", "BuildingBlocks\BuildingBlocks\BuildingBlocks.csproj", "{D9633AE2-4206-4E78-BA7E-0BEC123BE25F}"
EndProject
Project("{E53339B2-1760-4266-BCC7-CA923CBCF16C}") = "docker-compose", "docker-compose.dcproj", "{EA03FC45-CB93-4CD6-BF43-F62AA8341694}"
EndProject
Project("{9A19103F-16F7-4668-BE54-9A1E7A4F7556}") = "ProductsAPI", "Services\ProductManagement\ProductsAPI\ProductsAPI.csproj", "{9CCE7001-9D8D-4FA3-88E9-1CD3F6F8712C}"
EndProject
Project("{9A19103F-16F7-4668-BE54-9A1E7A4F7556}") = "UsersAPI", "Services\UserManagement\UsersAPI\UsersAPI.csproj", "{59E5021D-B9D0-4D20-8C03-33983A91FC61}"
EndProject
Project("{9A19103F-16F7-4668-BE54-9A1E7A4F7556}") = "UsersDomain", "Services\UserManagement\UsersDomain\UsersDomain.csproj", "{B27F3134-E878-45BD-A524-8B9EA35C1266}"
EndProject
Project("{9A19103F-16F7-4668-BE54-9A1E7A4F7556}") = "UsersApplication", "Services\UserManagement\UsersApplication\UsersApplication.csproj", "{64C9840D-EAB3-45E4-9137-E2576EB95D9C}"
EndProject
Project("{9A19103F-16F7-4668-BE54-9A1E7A4F7556}") = "UsersInfrastructure", "Services\UserManagement\UsersInfrastucture\UsersInfrastructure.csproj", "{DFB210B8-0806-4C4C-B836-08C781D4D32F}"
EndProject
Project("{9A19103F-16F7-4668-BE54-9A1E7A4F7556}") = "BuildingBlocks.Messaging", "BuildingBlocks\BuildingBlocks.Messaging\BuildingBlocks.Messaging.csproj", "{E43E21A4-173C-4A89-99E1-89EEBB0FE2DC}"
EndProject
Project("{2150E333-8FDC-42A3-9474-1A3956D46DE8}") = "Tests", "Tests", "{2A547DD8-9C81-49DA-9AE2-DA06F68640BF}"
EndProject
Project("{9A19103F-16F7-4668-BE54-9A1E7A4F7556}") = "UsersApplication.Tests", "Tests\UsersDomain.Tests\UsersApplication.Tests.csproj", "{29EB12C8-7768-41D3-857B-C74703598901}"
EndProject
Project("{9A19103F-16F7-4668-BE54-9A1E7A4F7556}") = "UsersInfrastructure.Tests", "Tests\UsersInfrastucture.Tests\UsersInfrastructure.Tests.csproj", "{EBC15679-DD00-4479-9AC9-D20467597C42}"
EndProject
Project("{9A19103F-16F7-4668-BE54-9A1E7A4F7556}") = "UsersAPI.IntegrationTests", "Tests\Users.IntegrationTests\UsersAPI.IntegrationTests.csproj", "{427FB78A-C6BD-4156-890A-24E0F9CDC5DE}"
EndProject
Global
	GlobalSection(SolutionConfigurationPlatforms) = preSolution
		Debug|Any CPU = Debug|Any CPU
		Release|Any CPU = Release|Any CPU
	EndGlobalSection
	GlobalSection(ProjectConfigurationPlatforms) = postSolution
		{D9633AE2-4206-4E78-BA7E-0BEC123BE25F}.Debug|Any CPU.ActiveCfg = Debug|Any CPU
		{D9633AE2-4206-4E78-BA7E-0BEC123BE25F}.Debug|Any CPU.Build.0 = Debug|Any CPU
		{D9633AE2-4206-4E78-BA7E-0BEC123BE25F}.Release|Any CPU.ActiveCfg = Release|Any CPU
		{D9633AE2-4206-4E78-BA7E-0BEC123BE25F}.Release|Any CPU.Build.0 = Release|Any CPU
		{EA03FC45-CB93-4CD6-BF43-F62AA8341694}.Debug|Any CPU.ActiveCfg = Debug|Any CPU
		{EA03FC45-CB93-4CD6-BF43-F62AA8341694}.Debug|Any CPU.Build.0 = Debug|Any CPU
		{EA03FC45-CB93-4CD6-BF43-F62AA8341694}.Release|Any CPU.ActiveCfg = Release|Any CPU
		{EA03FC45-CB93-4CD6-BF43-F62AA8341694}.Release|Any CPU.Build.0 = Release|Any CPU
		{9CCE7001-9D8D-4FA3-88E9-1CD3F6F8712C}.Debug|Any CPU.ActiveCfg = Debug|Any CPU
		{9CCE7001-9D8D-4FA3-88E9-1CD3F6F8712C}.Debug|Any CPU.Build.0 = Debug|Any CPU
		{9CCE7001-9D8D-4FA3-88E9-1CD3F6F8712C}.Release|Any CPU.ActiveCfg = Release|Any CPU
		{9CCE7001-9D8D-4FA3-88E9-1CD3F6F8712C}.Release|Any CPU.Build.0 = Release|Any CPU
		{59E5021D-B9D0-4D20-8C03-33983A91FC61}.Debug|Any CPU.ActiveCfg = Debug|Any CPU
		{59E5021D-B9D0-4D20-8C03-33983A91FC61}.Debug|Any CPU.Build.0 = Debug|Any CPU
		{59E5021D-B9D0-4D20-8C03-33983A91FC61}.Release|Any CPU.ActiveCfg = Release|Any CPU
		{59E5021D-B9D0-4D20-8C03-33983A91FC61}.Release|Any CPU.Build.0 = Release|Any CPU
		{B27F3134-E878-45BD-A524-8B9EA35C1266}.Debug|Any CPU.ActiveCfg = Debug|Any CPU
		{B27F3134-E878-45BD-A524-8B9EA35C1266}.Debug|Any CPU.Build.0 = Debug|Any CPU
		{B27F3134-E878-45BD-A524-8B9EA35C1266}.Release|Any CPU.ActiveCfg = Release|Any CPU
		{B27F3134-E878-45BD-A524-8B9EA35C1266}.Release|Any CPU.Build.0 = Release|Any CPU
		{64C9840D-EAB3-45E4-9137-E2576EB95D9C}.Debug|Any CPU.ActiveCfg = Debug|Any CPU
		{64C9840D-EAB3-45E4-9137-E2576EB95D9C}.Debug|Any CPU.Build.0 = Debug|Any CPU
		{64C9840D-EAB3-45E4-9137-E2576EB95D9C}.Release|Any CPU.ActiveCfg = Release|Any CPU
		{64C9840D-EAB3-45E4-9137-E2576EB95D9C}.Release|Any CPU.Build.0 = Release|Any CPU
		{DFB210B8-0806-4C4C-B836-08C781D4D32F}.Debug|Any CPU.ActiveCfg = Debug|Any CPU
		{DFB210B8-0806-4C4C-B836-08C781D4D32F}.Debug|Any CPU.Build.0 = Debug|Any CPU
		{DFB210B8-0806-4C4C-B836-08C781D4D32F}.Release|Any CPU.ActiveCfg = Release|Any CPU
		{DFB210B8-0806-4C4C-B836-08C781D4D32F}.Release|Any CPU.Build.0 = Release|Any CPU
		{E43E21A4-173C-4A89-99E1-89EEBB0FE2DC}.Debug|Any CPU.ActiveCfg = Debug|Any CPU
		{E43E21A4-173C-4A89-99E1-89EEBB0FE2DC}.Debug|Any CPU.Build.0 = Debug|Any CPU
		{E43E21A4-173C-4A89-99E1-89EEBB0FE2DC}.Release|Any CPU.ActiveCfg = Release|Any CPU
		{E43E21A4-173C-4A89-99E1-89EEBB0FE2DC}.Release|Any CPU.Build.0 = Release|Any CPU
		{29EB12C8-7768-41D3-857B-C74703598901}.Debug|Any CPU.ActiveCfg = Debug|Any CPU
		{29EB12C8-7768-41D3-857B-C74703598901}.Debug|Any CPU.Build.0 = Debug|Any CPU
		{29EB12C8-7768-41D3-857B-C74703598901}.Release|Any CPU.ActiveCfg = Release|Any CPU
		{29EB12C8-7768-41D3-857B-C74703598901}.Release|Any CPU.Build.0 = Release|Any CPU
		{EBC15679-DD00-4479-9AC9-D20467597C42}.Debug|Any CPU.ActiveCfg = Debug|Any CPU
		{EBC15679-DD00-4479-9AC9-D20467597C42}.Debug|Any CPU.Build.0 = Debug|Any CPU
		{EBC15679-DD00-4479-9AC9-D20467597C42}.Release|Any CPU.ActiveCfg = Release|Any CPU
		{EBC15679-DD00-4479-9AC9-D20467597C42}.Release|Any CPU.Build.0 = Release|Any CPU
		{427FB78A-C6BD-4156-890A-24E0F9CDC5DE}.Debug|Any CPU.ActiveCfg = Debug|Any CPU
		{427FB78A-C6BD-4156-890A-24E0F9CDC5DE}.Debug|Any CPU.Build.0 = Debug|Any CPU
		{427FB78A-C6BD-4156-890A-24E0F9CDC5DE}.Release|Any CPU.ActiveCfg = Release|Any CPU
		{427FB78A-C6BD-4156-890A-24E0F9CDC5DE}.Release|Any CPU.Build.0 = Release|Any CPU
	EndGlobalSection
	GlobalSection(SolutionProperties) = preSolution
		HideSolutionNode = FALSE
	EndGlobalSection
	GlobalSection(NestedProjects) = preSolution
		{30E30E11-0570-4F08-A01C-61732BD1C8F2} = {5F8BE8A9-A54E-4F78-99DC-D8F9B36C51C0}
		{B305E9F6-CD67-4B00-BC1D-D9C8B157F141} = {5F8BE8A9-A54E-4F78-99DC-D8F9B36C51C0}
		{D9633AE2-4206-4E78-BA7E-0BEC123BE25F} = {88BEC5CC-A2DC-4E76-9A02-79DC2826D142}
		{9CCE7001-9D8D-4FA3-88E9-1CD3F6F8712C} = {B305E9F6-CD67-4B00-BC1D-D9C8B157F141}
		{59E5021D-B9D0-4D20-8C03-33983A91FC61} = {30E30E11-0570-4F08-A01C-61732BD1C8F2}
		{B27F3134-E878-45BD-A524-8B9EA35C1266} = {30E30E11-0570-4F08-A01C-61732BD1C8F2}
		{64C9840D-EAB3-45E4-9137-E2576EB95D9C} = {30E30E11-0570-4F08-A01C-61732BD1C8F2}
		{DFB210B8-0806-4C4C-B836-08C781D4D32F} = {30E30E11-0570-4F08-A01C-61732BD1C8F2}
		{E43E21A4-173C-4A89-99E1-89EEBB0FE2DC} = {88BEC5CC-A2DC-4E76-9A02-79DC2826D142}
		{29EB12C8-7768-41D3-857B-C74703598901} = {2A547DD8-9C81-49DA-9AE2-DA06F68640BF}
		{EBC15679-DD00-4479-9AC9-D20467597C42} = {2A547DD8-9C81-49DA-9AE2-DA06F68640BF}
		{427FB78A-C6BD-4156-890A-24E0F9CDC5DE} = {2A547DD8-9C81-49DA-9AE2-DA06F68640BF}
	EndGlobalSection
	GlobalSection(ExtensibilityGlobals) = postSolution
		SolutionGuid = {60073D4B-9D48-4169-A46E-9A4D6CD98F86}
	EndGlobalSection
EndGlobal
